
Microsoft Visual Studio Solution File, Format Version 12.00
# Visual Studio Version 16
VisualStudioVersion = 16.0.32106.194
MinimumVisualStudioVersion = 10.0.40219.1
Project("{9A19103F-16F7-4668-BE54-9A1E7A4F7556}") = "Dll PhoneBook Model", "Dll PhoneBook Model\Dll PhoneBook Model.csproj", "{773D5B8E-3E46-4C88-99CE-E77B0CC4A138}"
EndProject
Project("{9A19103F-16F7-4668-BE54-9A1E7A4F7556}") = "PhoneBookConsole", "PhoneBookConsole\PhoneBookConsole.csproj", "{858FC7FC-66DC-40E7-955F-57AD6801F92A}"
EndProject
Project("{9A19103F-16F7-4668-BE54-9A1E7A4F7556}") = "PhoneBookWebApi", "PhoneBookWebApi\PhoneBookWebApi.csproj", "{495B1B4F-BE14-44E0-9A7D-0FEEE8CD1085}"
EndProject
Project("{9A19103F-16F7-4668-BE54-9A1E7A4F7556}") = "PhoneBookConsole EF", "PhoneBookConsole EF\PhoneBookConsole EF.csproj", "{26D56BB2-A862-4E01-8A51-BA820C2DB87A}"
EndProject
Project("{9A19103F-16F7-4668-BE54-9A1E7A4F7556}") = "Dll RandomUser Model", "Dll RandomUser Model\Dll RandomUser Model.csproj", "{DAAB65DD-59E4-41AB-B721-68C3BF417758}"
EndProject
Global
	GlobalSection(SolutionConfigurationPlatforms) = preSolution
		Debug|Any CPU = Debug|Any CPU
		Release|Any CPU = Release|Any CPU
	EndGlobalSection
	GlobalSection(ProjectConfigurationPlatforms) = postSolution
		{773D5B8E-3E46-4C88-99CE-E77B0CC4A138}.Debug|Any CPU.ActiveCfg = Debug|Any CPU
		{773D5B8E-3E46-4C88-99CE-E77B0CC4A138}.Debug|Any CPU.Build.0 = Debug|Any CPU
		{773D5B8E-3E46-4C88-99CE-E77B0CC4A138}.Release|Any CPU.ActiveCfg = Release|Any CPU
		{773D5B8E-3E46-4C88-99CE-E77B0CC4A138}.Release|Any CPU.Build.0 = Release|Any CPU
		{858FC7FC-66DC-40E7-955F-57AD6801F92A}.Debug|Any CPU.ActiveCfg = Debug|Any CPU
		{858FC7FC-66DC-40E7-955F-57AD6801F92A}.Debug|Any CPU.Build.0 = Debug|Any CPU
		{858FC7FC-66DC-40E7-955F-57AD6801F92A}.Release|Any CPU.ActiveCfg = Release|Any CPU
		{858FC7FC-66DC-40E7-955F-57AD6801F92A}.Release|Any CPU.Build.0 = Release|Any CPU
		{495B1B4F-BE14-44E0-9A7D-0FEEE8CD1085}.Debug|Any CPU.ActiveCfg = Debug|Any CPU
		{495B1B4F-BE14-44E0-9A7D-0FEEE8CD1085}.Debug|Any CPU.Build.0 = Debug|Any CPU
		{495B1B4F-BE14-44E0-9A7D-0FEEE8CD1085}.Release|Any CPU.ActiveCfg = Release|Any CPU
		{495B1B4F-BE14-44E0-9A7D-0FEEE8CD1085}.Release|Any CPU.Build.0 = Release|Any CPU
		{26D56BB2-A862-4E01-8A51-BA820C2DB87A}.Debug|Any CPU.ActiveCfg = Debug|Any CPU
		{26D56BB2-A862-4E01-8A51-BA820C2DB87A}.Debug|Any CPU.Build.0 = Debug|Any CPU
		{26D56BB2-A862-4E01-8A51-BA820C2DB87A}.Release|Any CPU.ActiveCfg = Release|Any CPU
		{26D56BB2-A862-4E01-8A51-BA820C2DB87A}.Release|Any CPU.Build.0 = Release|Any CPU
		{DAAB65DD-59E4-41AB-B721-68C3BF417758}.Debug|Any CPU.ActiveCfg = Debug|Any CPU
		{DAAB65DD-59E4-41AB-B721-68C3BF417758}.Debug|Any CPU.Build.0 = Debug|Any CPU
		{DAAB65DD-59E4-41AB-B721-68C3BF417758}.Release|Any CPU.ActiveCfg = Release|Any CPU
		{DAAB65DD-59E4-41AB-B721-68C3BF417758}.Release|Any CPU.Build.0 = Release|Any CPU
	EndGlobalSection
	GlobalSection(SolutionProperties) = preSolution
		HideSolutionNode = FALSE
	EndGlobalSection
	GlobalSection(ExtensibilityGlobals) = postSolution
		SolutionGuid = {8F433970-F61D-410A-B6CD-EAD0FE66BB6C}
	EndGlobalSection
EndGlobal
